
Microsoft Visual Studio Solution File, Format Version 12.00
# Visual Studio Version 16
VisualStudioVersion = 16.0.31005.135
MinimumVisualStudioVersion = 10.0.40219.1
Project("{FAE04EC0-301F-11D3-BF4B-00C04F79EFBC}") = "WorkingProject", "WorkingProject.csproj", "{09E4892A-1EBA-49A3-B99E-AA12A3372426}"
EndProject
Global
	GlobalSection(SolutionConfigurationPlatforms) = preSolution
		Debug|Any CPU = Debug|Any CPU
		Release|Any CPU = Release|Any CPU
	EndGlobalSection
	GlobalSection(ProjectConfigurationPlatforms) = postSolution
		{09E4892A-1EBA-49A3-B99E-AA12A3372426}.Debug|Any CPU.ActiveCfg = Debug|Any CPU
		{09E4892A-1EBA-49A3-B99E-AA12A3372426}.Debug|Any CPU.Build.0 = Debug|Any CPU
		{09E4892A-1EBA-49A3-B99E-AA12A3372426}.Release|Any CPU.ActiveCfg = Release|Any CPU
		{09E4892A-1EBA-49A3-B99E-AA12A3372426}.Release|Any CPU.Build.0 = Release|Any CPU
	EndGlobalSection
	GlobalSection(SolutionProperties) = preSolution
		HideSolutionNode = FALSE
	EndGlobalSection
	GlobalSection(ExtensibilityGlobals) = postSolution
		SolutionGuid = {10D40D50-D4C4-4299-8FED-4821237A9803}
	EndGlobalSection
EndGlobal
